
Microsoft Visual Studio Solution File, Format Version 12.00
# Visual Studio Version 17
VisualStudioVersion = 17.3.32922.545
MinimumVisualStudioVersion = 10.0.40219.1
Project("{8BC9CEB8-8B4A-11D0-8D11-00A0C91BC942}") = "QtWidgetsApplication1", "QtWidgetsApplication1\QtWidgetsApplication1.vcxproj", "{837FDCC9-9461-42DA-89F1-C168CB8CBAD1}"
	ProjectSection(ProjectDependencies) = postProject
		{9131C604-8B3E-4587-B105-E1E09AC9C8A3} = {9131C604-8B3E-4587-B105-E1E09AC9C8A3}
	EndProjectSection
EndProject
Project("{8BC9CEB8-8B4A-11D0-8D11-00A0C91BC942}") = "DLL", "DLL\DLL.vcxproj", "{9131C604-8B3E-4587-B105-E1E09AC9C8A3}"
EndProject
Global
	GlobalSection(SolutionConfigurationPlatforms) = preSolution
		Debug|x64 = Debug|x64
		Release|x64 = Release|x64
	EndGlobalSection
	GlobalSection(ProjectConfigurationPlatforms) = postSolution
		{837FDCC9-9461-42DA-89F1-C168CB8CBAD1}.Debug|x64.ActiveCfg = Debug|x64
		{837FDCC9-9461-42DA-89F1-C168CB8CBAD1}.Debug|x64.Build.0 = Debug|x64
		{837FDCC9-9461-42DA-89F1-C168CB8CBAD1}.Release|x64.ActiveCfg = Release|x64
		{837FDCC9-9461-42DA-89F1-C168CB8CBAD1}.Release|x64.Build.0 = Release|x64
		{9131C604-8B3E-4587-B105-E1E09AC9C8A3}.Debug|x64.ActiveCfg = Debug|x64
		{9131C604-8B3E-4587-B105-E1E09AC9C8A3}.Debug|x64.Build.0 = Debug|x64
		{9131C604-8B3E-4587-B105-E1E09AC9C8A3}.Release|x64.ActiveCfg = Release|x64
		{9131C604-8B3E-4587-B105-E1E09AC9C8A3}.Release|x64.Build.0 = Release|x64
	EndGlobalSection
	GlobalSection(SolutionProperties) = preSolution
		HideSolutionNode = FALSE
	EndGlobalSection
	GlobalSection(ExtensibilityGlobals) = postSolution
		SolutionGuid = {87BD69F4-DA5E-4F7D-A430-A8588DA574ED}
	EndGlobalSection
EndGlobal
